// !$*UTF8*$!
{
	archiveVersion = 1;
	classes = {
	};
	objectVersion = 50;
	objects = {

/* Begin PBXBuildFile section */
		4F02F8AB2210680C00DD43A0 /* AppDelegate.swift in Sources */ = {isa = PBXBuildFile; fileRef = 4F02F8AA2210680C00DD43A0 /* AppDelegate.swift */; };
		4F02F8AD2210680C00DD43A0 /* ViewController.swift in Sources */ = {isa = PBXBuildFile; fileRef = 4F02F8AC2210680C00DD43A0 /* ViewController.swift */; };
		4F02F8B02210680C00DD43A0 /* Main.storyboard in Resources */ = {isa = PBXBuildFile; fileRef = 4F02F8AE2210680C00DD43A0 /* Main.storyboard */; };
		4F02F8B32210680C00DD43A0 /* HelloNotification.xcdatamodeld in Sources */ = {isa = PBXBuildFile; fileRef = 4F02F8B12210680C00DD43A0 /* HelloNotification.xcdatamodeld */; };
		4F02F8B52210680E00DD43A0 /* Assets.xcassets in Resources */ = {isa = PBXBuildFile; fileRef = 4F02F8B42210680E00DD43A0 /* Assets.xcassets */; };
		4F02F8B82210680E00DD43A0 /* LaunchScreen.storyboard in Resources */ = {isa = PBXBuildFile; fileRef = 4F02F8B62210680E00DD43A0 /* LaunchScreen.storyboard */; };
		4F02F8C32210680E00DD43A0 /* HelloNotificationTests.swift in Sources */ = {isa = PBXBuildFile; fileRef = 4F02F8C22210680E00DD43A0 /* HelloNotificationTests.swift */; };
		4F02F8CE2210680E00DD43A0 /* HelloNotificationUITests.swift in Sources */ = {isa = PBXBuildFile; fileRef = 4F02F8CD2210680E00DD43A0 /* HelloNotificationUITests.swift */; };
/* End PBXBuildFile section */

/* Begin PBXContainerItemProxy section */
		4F02F8BF2210680E00DD43A0 /* PBXContainerItemProxy */ = {
			isa = PBXContainerItemProxy;
			containerPortal = 4F02F89F2210680C00DD43A0 /* Project object */;
			proxyType = 1;
			remoteGlobalIDString = 4F02F8A62210680C00DD43A0;
			remoteInfo = HelloNotification;
		};
		4F02F8CA2210680E00DD43A0 /* PBXContainerItemProxy */ = {
			isa = PBXContainerItemProxy;
			containerPortal = 4F02F89F2210680C00DD43A0 /* Project object */;
			proxyType = 1;
			remoteGlobalIDString = 4F02F8A62210680C00DD43A0;
			remoteInfo = HelloNotification;
		};
/* End PBXContainerItemProxy section */

/* Begin PBXFileReference section */
		4F02F8A72210680C00DD43A0 /* HelloNotification.app */ = {isa = PBXFileReference; explicitFileType = wrapper.application; includeInIndex = 0; path = HelloNotification.app; sourceTree = BUILT_PRODUCTS_DIR; };
		4F02F8AA2210680C00DD43A0 /* AppDelegate.swift */ = {isa = PBXFileReference; lastKnownFileType = sourcecode.swift; path = AppDelegate.swift; sourceTree = "<group>"; };
		4F02F8AC2210680C00DD43A0 /* ViewController.swift */ = {isa = PBXFileReference; lastKnownFileType = sourcecode.swift; path = ViewController.swift; sourceTree = "<group>"; };
		4F02F8AF2210680C00DD43A0 /* Base */ = {isa = PBXFileReference; lastKnownFileType = file.storyboard; name = Base; path = Base.lproj/Main.storyboard; sourceTree = "<group>"; };
		4F02F8B22210680C00DD43A0 /* HelloNotification.xcdatamodel */ = {isa = PBXFileReference; lastKnownFileType = wrapper.xcdatamodel; path = HelloNotification.xcdatamodel; sourceTree = "<group>"; };
		4F02F8B42210680E00DD43A0 /* Assets.xcassets */ = {isa = PBXFileReference; lastKnownFileType = folder.assetcatalog; path = Assets.xcassets; sourceTree = "<group>"; };
		4F02F8B72210680E00DD43A0 /* Base */ = {isa = PBXFileReference; lastKnownFileType = file.storyboard; name = Base; path = Base.lproj/LaunchScreen.storyboard; sourceTree = "<group>"; };
		4F02F8B92210680E00DD43A0 /* Info.plist */ = {isa = PBXFileReference; lastKnownFileType = text.plist.xml; path = Info.plist; sourceTree = "<group>"; };
		4F02F8BE2210680E00DD43A0 /* HelloNotificationTests.xctest */ = {isa = PBXFileReference; explicitFileType = wrapper.cfbundle; includeInIndex = 0; path = HelloNotificationTests.xctest; sourceTree = BUILT_PRODUCTS_DIR; };
		4F02F8C22210680E00DD43A0 /* HelloNotificationTests.swift */ = {isa = PBXFileReference; lastKnownFileType = sourcecode.swift; path = HelloNotificationTests.swift; sourceTree = "<group>"; };
		4F02F8C42210680E00DD43A0 /* Info.plist */ = {isa = PBXFileReference; lastKnownFileType = text.plist.xml; path = Info.plist; sourceTree = "<group>"; };
		4F02F8C92210680E00DD43A0 /* HelloNotificationUITests.xctest */ = {isa = PBXFileReference; explicitFileType = wrapper.cfbundle; includeInIndex = 0; path = HelloNotificationUITests.xctest; sourceTree = BUILT_PRODUCTS_DIR; };
		4F02F8CD2210680E00DD43A0 /* HelloNotificationUITests.swift */ = {isa = PBXFileReference; lastKnownFileType = sourcecode.swift; path = HelloNotificationUITests.swift; sourceTree = "<group>"; };
		4F02F8CF2210680E00DD43A0 /* Info.plist */ = {isa = PBXFileReference; lastKnownFileType = text.plist.xml; path = Info.plist; sourceTree = "<group>"; };
/* End PBXFileReference section */

/* Begin PBXFrameworksBuildPhase section */
		4F02F8A42210680C00DD43A0 /* Frameworks */ = {
			isa = PBXFrameworksBuildPhase;
			buildActionMask = 2147483647;
			files = (
			);
			runOnlyForDeploymentPostprocessing = 0;
		};
		4F02F8BB2210680E00DD43A0 /* Frameworks */ = {
			isa = PBXFrameworksBuildPhase;
			buildActionMask = 2147483647;
			files = (
			);
			runOnlyForDeploymentPostprocessing = 0;
		};
		4F02F8C62210680E00DD43A0 /* Frameworks */ = {
			isa = PBXFrameworksBuildPhase;
			buildActionMask = 2147483647;
			files = (
			);
			runOnlyForDeploymentPostprocessing = 0;
		};
/* End PBXFrameworksBuildPhase section */

/* Begin PBXGroup section */
		4F02F89E2210680C00DD43A0 = {
			isa = PBXGroup;
			children = (
				4F02F8A92210680C00DD43A0 /* HelloNotification */,
				4F02F8C12210680E00DD43A0 /* HelloNotificationTests */,
				4F02F8CC2210680E00DD43A0 /* HelloNotificationUITests */,
				4F02F8A82210680C00DD43A0 /* Products */,
			);
			sourceTree = "<group>";
		};
		4F02F8A82210680C00DD43A0 /* Products */ = {
			isa = PBXGroup;
			children = (
				4F02F8A72210680C00DD43A0 /* HelloNotification.app */,
				4F02F8BE2210680E00DD43A0 /* HelloNotificationTests.xctest */,
				4F02F8C92210680E00DD43A0 /* HelloNotificationUITests.xctest */,
			);
			name = Products;
			sourceTree = "<group>";
		};
		4F02F8A92210680C00DD43A0 /* HelloNotification */ = {
			isa = PBXGroup;
			children = (
				4F02F8AA2210680C00DD43A0 /* AppDelegate.swift */,
				4F02F8AC2210680C00DD43A0 /* ViewController.swift */,
				4F02F8AE2210680C00DD43A0 /* Main.storyboard */,
				4F02F8B42210680E00DD43A0 /* Assets.xcassets */,
				4F02F8B62210680E00DD43A0 /* LaunchScreen.storyboard */,
				4F02F8B92210680E00DD43A0 /* Info.plist */,
				4F02F8B12210680C00DD43A0 /* HelloNotification.xcdatamodeld */,
			);
			path = HelloNotification;
			sourceTree = "<group>";
		};
		4F02F8C12210680E00DD43A0 /* HelloNotificationTests */ = {
			isa = PBXGroup;
			children = (
				4F02F8C22210680E00DD43A0 /* HelloNotificationTests.swift */,
				4F02F8C42210680E00DD43A0 /* Info.plist */,
			);
			path = HelloNotificationTests;
			sourceTree = "<group>";
		};
		4F02F8CC2210680E00DD43A0 /* HelloNotificationUITests */ = {
			isa = PBXGroup;
			children = (
				4F02F8CD2210680E00DD43A0 /* HelloNotificationUITests.swift */,
				4F02F8CF2210680E00DD43A0 /* Info.plist */,
			);
			path = HelloNotificationUITests;
			sourceTree = "<group>";
		};
/* End PBXGroup section */

/* Begin PBXNativeTarget section */
		4F02F8A62210680C00DD43A0 /* HelloNotification */ = {
			isa = PBXNativeTarget;
			buildConfigurationList = 4F02F8D22210680E00DD43A0 /* Build configuration list for PBXNativeTarget "HelloNotification" */;
			buildPhases = (
				4F02F8A32210680C00DD43A0 /* Sources */,
				4F02F8A42210680C00DD43A0 /* Frameworks */,
				4F02F8A52210680C00DD43A0 /* Resources */,
			);
			buildRules = (
			);
			dependencies = (
			);
			name = HelloNotification;
			productName = HelloNotification;
			productReference = 4F02F8A72210680C00DD43A0 /* HelloNotification.app */;
			productType = "com.apple.product-type.application";
		};
		4F02F8BD2210680E00DD43A0 /* HelloNotificationTests */ = {
			isa = PBXNativeTarget;
			buildConfigurationList = 4F02F8D52210680E00DD43A0 /* Build configuration list for PBXNativeTarget "HelloNotificationTests" */;
			buildPhases = (
				4F02F8BA2210680E00DD43A0 /* Sources */,
				4F02F8BB2210680E00DD43A0 /* Frameworks */,
				4F02F8BC2210680E00DD43A0 /* Resources */,
			);
			buildRules = (
			);
			dependencies = (
				4F02F8C02210680E00DD43A0 /* PBXTargetDependency */,
			);
			name = HelloNotificationTests;
			productName = HelloNotificationTests;
			productReference = 4F02F8BE2210680E00DD43A0 /* HelloNotificationTests.xctest */;
			productType = "com.apple.product-type.bundle.unit-test";
		};
		4F02F8C82210680E00DD43A0 /* HelloNotificationUITests */ = {
			isa = PBXNativeTarget;
			buildConfigurationList = 4F02F8D82210680E00DD43A0 /* Build configuration list for PBXNativeTarget "HelloNotificationUITests" */;
			buildPhases = (
				4F02F8C52210680E00DD43A0 /* Sources */,
				4F02F8C62210680E00DD43A0 /* Frameworks */,
				4F02F8C72210680E00DD43A0 /* Resources */,
			);
			buildRules = (
			);
			dependencies = (
				4F02F8CB2210680E00DD43A0 /* PBXTargetDependency */,
			);
			name = HelloNotificationUITests;
			productName = HelloNotificationUITests;
			productReference = 4F02F8C92210680E00DD43A0 /* HelloNotificationUITests.xctest */;
			productType = "com.apple.product-type.bundle.ui-testing";
		};
/* End PBXNativeTarget section */

/* Begin PBXProject section */
		4F02F89F2210680C00DD43A0 /* Project object */ = {
			isa = PBXProject;
			attributes = {
				LastSwiftUpdateCheck = 1010;
				LastUpgradeCheck = 1010;
				ORGANIZATIONNAME = "Yuuki Nishiyama";
				TargetAttributes = {
					4F02F8A62210680C00DD43A0 = {
						CreatedOnToolsVersion = 10.1;
					};
					4F02F8BD2210680E00DD43A0 = {
						CreatedOnToolsVersion = 10.1;
						TestTargetID = 4F02F8A62210680C00DD43A0;
					};
					4F02F8C82210680E00DD43A0 = {
						CreatedOnToolsVersion = 10.1;
						TestTargetID = 4F02F8A62210680C00DD43A0;
					};
				};
			};
			buildConfigurationList = 4F02F8A22210680C00DD43A0 /* Build configuration list for PBXProject "HelloNotification" */;
			compatibilityVersion = "Xcode 9.3";
			developmentRegion = en;
			hasScannedForEncodings = 0;
			knownRegions = (
				en,
				Base,
			);
			mainGroup = 4F02F89E2210680C00DD43A0;
			productRefGroup = 4F02F8A82210680C00DD43A0 /* Products */;
			projectDirPath = "";
			projectRoot = "";
			targets = (
				4F02F8A62210680C00DD43A0 /* HelloNotification */,
				4F02F8BD2210680E00DD43A0 /* HelloNotificationTests */,
				4F02F8C82210680E00DD43A0 /* HelloNotificationUITests */,
			);
		};
/* End PBXProject section */

/* Begin PBXResourcesBuildPhase section */
		4F02F8A52210680C00DD43A0 /* Resources */ = {
			isa = PBXResourcesBuildPhase;
			buildActionMask = 2147483647;
			files = (
				4F02F8B82210680E00DD43A0 /* LaunchScreen.storyboard in Resources */,
				4F02F8B52210680E00DD43A0 /* Assets.xcassets in Resources */,
				4F02F8B02210680C00DD43A0 /* Main.storyboard in Resources */,
			);
			runOnlyForDeploymentPostprocessing = 0;
		};
		4F02F8BC2210680E00DD43A0 /* Resources */ = {
			isa = PBXResourcesBuildPhase;
			buildActionMask = 2147483647;
			files = (
			);
			runOnlyForDeploymentPostprocessing = 0;
		};
		4F02F8C72210680E00DD43A0 /* Resources */ = {
			isa = PBXResourcesBuildPhase;
			buildActionMask = 2147483647;
			files = (
			);
			runOnlyForDeploymentPostprocessing = 0;
		};
/* End PBXResourcesBuildPhase section */

/* Begin PBXSourcesBuildPhase section */
		4F02F8A32210680C00DD43A0 /* Sources */ = {
			isa = PBXSourcesBuildPhase;
			buildActionMask = 2147483647;
			files = (
				4F02F8AD2210680C00DD43A0 /* ViewController.swift in Sources */,
				4F02F8AB2210680C00DD43A0 /* AppDelegate.swift in Sources */,
				4F02F8B32210680C00DD43A0 /* HelloNotification.xcdatamodeld in Sources */,
			);
			runOnlyForDeploymentPostprocessing = 0;
		};
		4F02F8BA2210680E00DD43A0 /* Sources */ = {
			isa = PBXSourcesBuildPhase;
			buildActionMask = 2147483647;
			files = (
				4F02F8C32210680E00DD43A0 /* HelloNotificationTests.swift in Sources */,
			);
			runOnlyForDeploymentPostprocessing = 0;
		};
		4F02F8C52210680E00DD43A0 /* Sources */ = {
			isa = PBXSourcesBuildPhase;
			buildActionMask = 2147483647;
			files = (
				4F02F8CE2210680E00DD43A0 /* HelloNotificationUITests.swift in Sources */,
			);
			runOnlyForDeploymentPostprocessing = 0;
		};
/* End PBXSourcesBuildPhase section */

/* Begin PBXTargetDependency section */
		4F02F8C02210680E00DD43A0 /* PBXTargetDependency */ = {
			isa = PBXTargetDependency;
			target = 4F02F8A62210680C00DD43A0 /* HelloNotification */;
			targetProxy = 4F02F8BF2210680E00DD43A0 /* PBXContainerItemProxy */;
		};
		4F02F8CB2210680E00DD43A0 /* PBXTargetDependency */ = {
			isa = PBXTargetDependency;
			target = 4F02F8A62210680C00DD43A0 /* HelloNotification */;
			targetProxy = 4F02F8CA2210680E00DD43A0 /* PBXContainerItemProxy */;
		};
/* End PBXTargetDependency section */

/* Begin PBXVariantGroup section */
		4F02F8AE2210680C00DD43A0 /* Main.storyboard */ = {
			isa = PBXVariantGroup;
			children = (
				4F02F8AF2210680C00DD43A0 /* Base */,
			);
			name = Main.storyboard;
			sourceTree = "<group>";
		};
		4F02F8B62210680E00DD43A0 /* LaunchScreen.storyboard */ = {
			isa = PBXVariantGroup;
			children = (
				4F02F8B72210680E00DD43A0 /* Base */,
			);
			name = LaunchScreen.storyboard;
			sourceTree = "<group>";
		};
/* End PBXVariantGroup section */

/* Begin XCBuildConfiguration section */
		4F02F8D02210680E00DD43A0 /* Debug */ = {
			isa = XCBuildConfiguration;
			buildSettings = {
				ALWAYS_SEARCH_USER_PATHS = NO;
				CLANG_ANALYZER_NONNULL = YES;
				CLANG_ANALYZER_NUMBER_OBJECT_CONVERSION = YES_AGGRESSIVE;
				CLANG_CXX_LANGUAGE_STANDARD = "gnu++14";
				CLANG_CXX_LIBRARY = "libc++";
				CLANG_ENABLE_MODULES = YES;
				CLANG_ENABLE_OBJC_ARC = YES;
				CLANG_ENABLE_OBJC_WEAK = YES;
				CLANG_WARN_BLOCK_CAPTURE_AUTORELEASING = YES;
				CLANG_WARN_BOOL_CONVERSION = YES;
				CLANG_WARN_COMMA = YES;
				CLANG_WARN_CONSTANT_CONVERSION = YES;
				CLANG_WARN_DEPRECATED_OBJC_IMPLEMENTATIONS = YES;
				CLANG_WARN_DIRECT_OBJC_ISA_USAGE = YES_ERROR;
				CLANG_WARN_DOCUMENTATION_COMMENTS = YES;
				CLANG_WARN_EMPTY_BODY = YES;
				CLANG_WARN_ENUM_CONVERSION = YES;
				CLANG_WARN_INFINITE_RECURSION = YES;
				CLANG_WARN_INT_CONVERSION = YES;
				CLANG_WARN_NON_LITERAL_NULL_CONVERSION = YES;
				CLANG_WARN_OBJC_IMPLICIT_RETAIN_SELF = YES;
				CLANG_WARN_OBJC_LITERAL_CONVERSION = YES;
				CLANG_WARN_OBJC_ROOT_CLASS = YES_ERROR;
				CLANG_WARN_RANGE_LOOP_ANALYSIS = YES;
				CLANG_WARN_STRICT_PROTOTYPES = YES;
				CLANG_WARN_SUSPICIOUS_MOVE = YES;
				CLANG_WARN_UNGUARDED_AVAILABILITY = YES_AGGRESSIVE;
				CLANG_WARN_UNREACHABLE_CODE = YES;
				CLANG_WARN__DUPLICATE_METHOD_MATCH = YES;
				CODE_SIGN_IDENTITY = "iPhone Developer";
				COPY_PHASE_STRIP = NO;
				DEBUG_INFORMATION_FORMAT = dwarf;
				ENABLE_STRICT_OBJC_MSGSEND = YES;
				ENABLE_TESTABILITY = YES;
				GCC_C_LANGUAGE_STANDARD = gnu11;
				GCC_DYNAMIC_NO_PIC = NO;
				GCC_NO_COMMON_BLOCKS = YES;
				GCC_OPTIMIZATION_LEVEL = 0;
				GCC_PREPROCESSOR_DEFINITIONS = (
					"DEBUG=1",
					"$(inherited)",
				);
				GCC_WARN_64_TO_32_BIT_CONVERSION = YES;
				GCC_WARN_ABOUT_RETURN_TYPE = YES_ERROR;
				GCC_WARN_UNDECLARED_SELECTOR = YES;
				GCC_WARN_UNINITIALIZED_AUTOS = YES_AGGRESSIVE;
				GCC_WARN_UNUSED_FUNCTION = YES;
				GCC_WARN_UNUSED_VARIABLE = YES;
				IPHONEOS_DEPLOYMENT_TARGET = 12.1;
				MTL_ENABLE_DEBUG_INFO = INCLUDE_SOURCE;
				MTL_FAST_MATH = YES;
				ONLY_ACTIVE_ARCH = YES;
				SDKROOT = iphoneos;
				SWIFT_ACTIVE_COMPILATION_CONDITIONS = DEBUG;
				SWIFT_OPTIMIZATION_LEVEL = "-Onone";
			};
			name = Debug;
		};
		4F02F8D12210680E00DD43A0 /* Release */ = {
			isa = XCBuildConfiguration;
			buildSettings = {
				ALWAYS_SEARCH_USER_PATHS = NO;
				CLANG_ANALYZER_NONNULL = YES;
				CLANG_ANALYZER_NUMBER_OBJECT_CONVERSION = YES_AGGRESSIVE;
				CLANG_CXX_LANGUAGE_STANDARD = "gnu++14";
				CLANG_CXX_LIBRARY = "libc++";
				CLANG_ENABLE_MODULES = YES;
				CLANG_ENABLE_OBJC_ARC = YES;
				CLANG_ENABLE_OBJC_WEAK = YES;
				CLANG_WARN_BLOCK_CAPTURE_AUTORELEASING = YES;
				CLANG_WARN_BOOL_CONVERSION = YES;
				CLANG_WARN_COMMA = YES;
				CLANG_WARN_CONSTANT_CONVERSION = YES;
				CLANG_WARN_DEPRECATED_OBJC_IMPLEMENTATIONS = YES;
				CLANG_WARN_DIRECT_OBJC_ISA_USAGE = YES_ERROR;
				CLANG_WARN_DOCUMENTATION_COMMENTS = YES;
				CLANG_WARN_EMPTY_BODY = YES;
				CLANG_WARN_ENUM_CONVERSION = YES;
				CLANG_WARN_INFINITE_RECURSION = YES;
				CLANG_WARN_INT_CONVERSION = YES;
				CLANG_WARN_NON_LITERAL_NULL_CONVERSION = YES;
				CLANG_WARN_OBJC_IMPLICIT_RETAIN_SELF = YES;
				CLANG_WARN_OBJC_LITERAL_CONVERSION = YES;
				CLANG_WARN_OBJC_ROOT_CLASS = YES_ERROR;
				CLANG_WARN_RANGE_LOOP_ANALYSIS = YES;
				CLANG_WARN_STRICT_PROTOTYPES = YES;
				CLANG_WARN_SUSPICIOUS_MOVE = YES;
				CLANG_WARN_UNGUARDED_AVAILABILITY = YES_AGGRESSIVE;
				CLANG_WARN_UNREACHABLE_CODE = YES;
				CLANG_WARN__DUPLICATE_METHOD_MATCH = YES;
				CODE_SIGN_IDENTITY = "iPhone Developer";
				COPY_PHASE_STRIP = NO;
				DEBUG_INFORMATION_FORMAT = "dwarf-with-dsym";
				ENABLE_NS_ASSERTIONS = NO;
				ENABLE_STRICT_OBJC_MSGSEND = YES;
				GCC_C_LANGUAGE_STANDARD = gnu11;
				GCC_NO_COMMON_BLOCKS = YES;
				GCC_WARN_64_TO_32_BIT_CONVERSION = YES;
				GCC_WARN_ABOUT_RETURN_TYPE = YES_ERROR;
				GCC_WARN_UNDECLARED_SELECTOR = YES;
				GCC_WARN_UNINITIALIZED_AUTOS = YES_AGGRESSIVE;
				GCC_WARN_UNUSED_FUNCTION = YES;
				GCC_WARN_UNUSED_VARIABLE = YES;
				IPHONEOS_DEPLOYMENT_TARGET = 12.1;
				MTL_ENABLE_DEBUG_INFO = NO;
				MTL_FAST_MATH = YES;
				SDKROOT = iphoneos;
				SWIFT_COMPILATION_MODE = wholemodule;
				SWIFT_OPTIMIZATION_LEVEL = "-O";
				VALIDATE_PRODUCT = YES;
			};
			name = Release;
		};
		4F02F8D32210680E00DD43A0 /* Debug */ = {
			isa = XCBuildConfiguration;
			buildSettings = {
				ASSETCATALOG_COMPILER_APPICON_NAME = AppIcon;
				CODE_SIGN_STYLE = Automatic;
				DEVELOPMENT_TEAM = FH352PYMNC;
				INFOPLIST_FILE = HelloNotification/Info.plist;
				LD_RUNPATH_SEARCH_PATHS = (
					"$(inherited)",
					"@executable_path/Frameworks",
				);
				PRODUCT_BUNDLE_IDENTIFIER = com.yuukinishiyama.ios.sample.HelloNotification;
				PRODUCT_NAME = "$(TARGET_NAME)";
				SWIFT_VERSION = 4.2;
				TARGETED_DEVICE_FAMILY = "1,2";
			};
			name = Debug;
		};
		4F02F8D42210680E00DD43A0 /* Release */ = {
			isa = XCBuildConfiguration;
			buildSettings = {
				ASSETCATALOG_COMPILER_APPICON_NAME = AppIcon;
				CODE_SIGN_STYLE = Automatic;
				DEVELOPMENT_TEAM = FH352PYMNC;
				INFOPLIST_FILE = HelloNotification/Info.plist;
				LD_RUNPATH_SEARCH_PATHS = (
					"$(inherited)",
					"@executable_path/Frameworks",
				);
				PRODUCT_BUNDLE_IDENTIFIER = com.yuukinishiyama.ios.sample.HelloNotification;
				PRODUCT_NAME = "$(TARGET_NAME)";
				SWIFT_VERSION = 4.2;
				TARGETED_DEVICE_FAMILY = "1,2";
			};
			name = Release;
		};
		4F02F8D62210680E00DD43A0 /* Debug */ = {
			isa = XCBuildConfiguration;
			buildSettings = {
				ALWAYS_EMBED_SWIFT_STANDARD_LIBRARIES = YES;
				BUNDLE_LOADER = "$(TEST_HOST)";
				CODE_SIGN_STYLE = Automatic;
				DEVELOPMENT_TEAM = FH352PYMNC;
				INFOPLIST_FILE = HelloNotificationTests/Info.plist;
				LD_RUNPATH_SEARCH_PATHS = (
					"$(inherited)",
					"@executable_path/Frameworks",
					"@loader_path/Frameworks",
				);
				PRODUCT_BUNDLE_IDENTIFIER = com.yuukinishiyama.ios.sample.HelloNotificationTests;
				PRODUCT_NAME = "$(TARGET_NAME)";
				SWIFT_VERSION = 4.2;
				TARGETED_DEVICE_FAMILY = "1,2";
				TEST_HOST = "$(BUILT_PRODUCTS_DIR)/HelloNotification.app/HelloNotification";
			};
			name = Debug;
		};
		4F02F8D72210680E00DD43A0 /* Release */ = {
			isa = XCBuildConfiguration;
			buildSettings = {
				ALWAYS_EMBED_SWIFT_STANDARD_LIBRARIES = YES;
				BUNDLE_LOADER = "$(TEST_HOST)";
				CODE_SIGN_STYLE = Automatic;
				DEVELOPMENT_TEAM = FH352PYMNC;
				INFOPLIST_FILE = HelloNotificationTests/Info.plist;
				LD_RUNPATH_SEARCH_PATHS = (
					"$(inherited)",
					"@executable_path/Frameworks",
					"@loader_path/Frameworks",
				);
				PRODUCT_BUNDLE_IDENTIFIER = com.yuukinishiyama.ios.sample.HelloNotificationTests;
				PRODUCT_NAME = "$(TARGET_NAME)";
				SWIFT_VERSION = 4.2;
				TARGETED_DEVICE_FAMILY = "1,2";
				TEST_HOST = "$(BUILT_PRODUCTS_DIR)/HelloNotification.app/HelloNotification";
			};
			name = Release;
		};
		4F02F8D92210680E00DD43A0 /* Debug */ = {
			isa = XCBuildConfiguration;
			buildSettings = {
				ALWAYS_EMBED_SWIFT_STANDARD_LIBRARIES = YES;
				CODE_SIGN_STYLE = Automatic;
				DEVELOPMENT_TEAM = FH352PYMNC;
				INFOPLIST_FILE = HelloNotificationUITests/Info.plist;
				LD_RUNPATH_SEARCH_PATHS = (
					"$(inherited)",
					"@executable_path/Frameworks",
					"@loader_path/Frameworks",
				);
				PRODUCT_BUNDLE_IDENTIFIER = com.yuukinishiyama.ios.sample.HelloNotificationUITests;
				PRODUCT_NAME = "$(TARGET_NAME)";
				SWIFT_VERSION = 4.2;
				TARGETED_DEVICE_FAMILY = "1,2";
				TEST_TARGET_NAME = HelloNotification;
			};
			name = Debug;
		};
		4F02F8DA2210680E00DD43A0 /* Release */ = {
			isa = XCBuildConfiguration;
			buildSettings = {
				ALWAYS_EMBED_SWIFT_STANDARD_LIBRARIES = YES;
				CODE_SIGN_STYLE = Automatic;
				DEVELOPMENT_TEAM = FH352PYMNC;
				INFOPLIST_FILE = HelloNotificationUITests/Info.plist;
				LD_RUNPATH_SEARCH_PATHS = (
					"$(inherited)",
					"@executable_path/Frameworks",
					"@loader_path/Frameworks",
				);
				PRODUCT_BUNDLE_IDENTIFIER = com.yuukinishiyama.ios.sample.HelloNotificationUITests;
				PRODUCT_NAME = "$(TARGET_NAME)";
				SWIFT_VERSION = 4.2;
				TARGETED_DEVICE_FAMILY = "1,2";
				TEST_TARGET_NAME = HelloNotification;
			};
			name = Release;
		};
/* End XCBuildConfiguration section */

/* Begin XCConfigurationList section */
		4F02F8A22210680C00DD43A0 /* Build configuration list for PBXProject "HelloNotification" */ = {
			isa = XCConfigurationList;
			buildConfigurations = (
				4F02F8D02210680E00DD43A0 /* Debug */,
				4F02F8D12210680E00DD43A0 /* Release */,
			);
			defaultConfigurationIsVisible = 0;
			defaultConfigurationName = Release;
		};
		4F02F8D22210680E00DD43A0 /* Build configuration list for PBXNativeTarget "HelloNotification" */ = {
			isa = XCConfigurationList;
			buildConfigurations = (
				4F02F8D32210680E00DD43A0 /* Debug */,
				4F02F8D42210680E00DD43A0 /* Release */,
			);
			defaultConfigurationIsVisible = 0;
			defaultConfigurationName = Release;
		};
		4F02F8D52210680E00DD43A0 /* Build configuration list for PBXNativeTarget "HelloNotificationTests" */ = {
			isa = XCConfigurationList;
			buildConfigurations = (
				4F02F8D62210680E00DD43A0 /* Debug */,
				4F02F8D72210680E00DD43A0 /* Release */,
			);
			defaultConfigurationIsVisible = 0;
			defaultConfigurationName = Release;
		};
		4F02F8D82210680E00DD43A0 /* Build configuration list for PBXNativeTarget "HelloNotificationUITests" */ = {
			isa = XCConfigurationList;
			buildConfigurations = (
				4F02F8D92210680E00DD43A0 /* Debug */,
				4F02F8DA2210680E00DD43A0 /* Release */,
			);
			defaultConfigurationIsVisible = 0;
			defaultConfigurationName = Release;
		};
/* End XCConfigurationList section */

/* Begin XCVersionGroup section */
		4F02F8B12210680C00DD43A0 /* HelloNotification.xcdatamodeld */ = {
			isa = XCVersionGroup;
			children = (
				4F02F8B22210680C00DD43A0 /* HelloNotification.xcdatamodel */,
			);
			currentVersion = 4F02F8B22210680C00DD43A0 /* HelloNotification.xcdatamodel */;
			path = HelloNotification.xcdatamodeld;
			sourceTree = "<group>";
			versionGroupType = wrapper.xcdatamodel;
		};
/* End XCVersionGroup section */
	};
	rootObject = 4F02F89F2210680C00DD43A0 /* Project object */;
}
